
Microsoft Visual Studio Solution File, Format Version 12.00
# Visual Studio Version 17
VisualStudioVersion = 17.3.32825.248
MinimumVisualStudioVersion = 10.0.40219.1
Project("{9A19103F-16F7-4668-BE54-9A1E7A4F7556}") = "PgDemo", "PgDemo.csproj", "{96543E0F-2384-4663-936F-841F9306FE6E}"
EndProject
Global
	GlobalSection(SolutionConfigurationPlatforms) = preSolution
		Debug|Any CPU = Debug|Any CPU
		Release|Any CPU = Release|Any CPU
	EndGlobalSection
	GlobalSection(ProjectConfigurationPlatforms) = postSolution
		{96543E0F-2384-4663-936F-841F9306FE6E}.Debug|Any CPU.ActiveCfg = Debug|Any CPU
		{96543E0F-2384-4663-936F-841F9306FE6E}.Debug|Any CPU.Build.0 = Debug|Any CPU
		{96543E0F-2384-4663-936F-841F9306FE6E}.Release|Any CPU.ActiveCfg = Release|Any CPU
		{96543E0F-2384-4663-936F-841F9306FE6E}.Release|Any CPU.Build.0 = Release|Any CPU
	EndGlobalSection
	GlobalSection(SolutionProperties) = preSolution
		HideSolutionNode = FALSE
	EndGlobalSection
	GlobalSection(ExtensibilityGlobals) = postSolution
		SolutionGuid = {8FD52C2A-C9C9-4E0F-9A67-242DF8FEC189}
	EndGlobalSection
EndGlobal
